
Microsoft Visual Studio Solution File, Format Version 12.00
# Visual Studio Version 17
VisualStudioVersion = 17.0.31903.59
MinimumVisualStudioVersion = 10.0.40219.1
Project("{9A19103F-16F7-4668-BE54-9A1E7A4F7556}") = "magazaYonetimi", "magazaYonetimi.csproj", "{C78C16E4-2B9F-4069-AB81-8EEB2B72967F}"
EndProject
Project("{FAE04EC0-301F-11D3-BF4B-00C04F79EFBC}") = "magazaYonetimi.Models", "..\magazaYonetimi.Models\magazaYonetimi.Models.csproj", "{82F24C96-E744-4C8C-BFB1-287A2B2FB51F}"
EndProject
Global
	GlobalSection(SolutionConfigurationPlatforms) = preSolution
		Debug|Any CPU = Debug|Any CPU
		Release|Any CPU = Release|Any CPU
	EndGlobalSection
	GlobalSection(ProjectConfigurationPlatforms) = postSolution
		{C78C16E4-2B9F-4069-AB81-8EEB2B72967F}.Debug|Any CPU.ActiveCfg = Debug|Any CPU
		{C78C16E4-2B9F-4069-AB81-8EEB2B72967F}.Debug|Any CPU.Build.0 = Debug|Any CPU
		{C78C16E4-2B9F-4069-AB81-8EEB2B72967F}.Release|Any CPU.ActiveCfg = Release|Any CPU
		{C78C16E4-2B9F-4069-AB81-8EEB2B72967F}.Release|Any CPU.Build.0 = Release|Any CPU
		{82F24C96-E744-4C8C-BFB1-287A2B2FB51F}.Debug|Any CPU.ActiveCfg = Debug|Any CPU
		{82F24C96-E744-4C8C-BFB1-287A2B2FB51F}.Debug|Any CPU.Build.0 = Debug|Any CPU
		{82F24C96-E744-4C8C-BFB1-287A2B2FB51F}.Release|Any CPU.ActiveCfg = Release|Any CPU
		{82F24C96-E744-4C8C-BFB1-287A2B2FB51F}.Release|Any CPU.Build.0 = Release|Any CPU
	EndGlobalSection
	GlobalSection(SolutionProperties) = preSolution
		HideSolutionNode = FALSE
	EndGlobalSection
	GlobalSection(ExtensibilityGlobals) = postSolution
		SolutionGuid = {AD1B08BA-E7BE-4976-AED1-016EEC8B1647}
	EndGlobalSection
EndGlobal
